
Microsoft Visual Studio Solution File, Format Version 12.00
# Visual Studio 15
VisualStudioVersion = 15.0.27703.2026
MinimumVisualStudioVersion = 10.0.40219.1
Project("{888888A0-9F3D-457C-B088-3A5042F75D52}") = "GetDiskFreeSpace", "GetDiskFreeSpace\GetDiskFreeSpace.pyproj", "{F2BA4FC7-EF21-4D24-84A4-912969BB1672}"
EndProject
Global
	GlobalSection(SolutionConfigurationPlatforms) = preSolution
		Debug|Any CPU = Debug|Any CPU
		Release|Any CPU = Release|Any CPU
	EndGlobalSection
	GlobalSection(ProjectConfigurationPlatforms) = postSolution
		{F2BA4FC7-EF21-4D24-84A4-912969BB1672}.Debug|Any CPU.ActiveCfg = Debug|Any CPU
		{F2BA4FC7-EF21-4D24-84A4-912969BB1672}.Release|Any CPU.ActiveCfg = Release|Any CPU
	EndGlobalSection
	GlobalSection(SolutionProperties) = preSolution
		HideSolutionNode = FALSE
	EndGlobalSection
	GlobalSection(ExtensibilityGlobals) = postSolution
		SolutionGuid = {5BB54A52-7A88-45D5-AF6D-53D7B1A8FC96}
	EndGlobalSection
EndGlobal
